// !$*UTF8*$!
{
	archiveVersion = 1;
	classes = {
	};
	objectVersion = 46;
	objects = {

/* Begin PBXBuildFile section */
		3778FE8C1434563F007C5635 /* UIKit.framework in Frameworks */ = {isa = PBXBuildFile; fileRef = 3778FE8B1434563F007C5635 /* UIKit.framework */; };
		3778FE8E1434563F007C5635 /* Foundation.framework in Frameworks */ = {isa = PBXBuildFile; fileRef = 3778FE8D1434563F007C5635 /* Foundation.framework */; };
		3778FE901434563F007C5635 /* CoreGraphics.framework in Frameworks */ = {isa = PBXBuildFile; fileRef = 3778FE8F1434563F007C5635 /* CoreGraphics.framework */; };
		3778FE961434563F007C5635 /* InfoPlist.strings in Resources */ = {isa = PBXBuildFile; fileRef = 3778FE941434563F007C5635 /* InfoPlist.strings */; };
		3778FE981434563F007C5635 /* main.m in Sources */ = {isa = PBXBuildFile; fileRef = 3778FE971434563F007C5635 /* main.m */; };
		3778FE9C1434563F007C5635 /* IPFindAppDelegate.m in Sources */ = {isa = PBXBuildFile; fileRef = 3778FE9B1434563F007C5635 /* IPFindAppDelegate.m */; };
		3778FE9F1434563F007C5635 /* MainWindow.xib in Resources */ = {isa = PBXBuildFile; fileRef = 3778FE9D1434563F007C5635 /* MainWindow.xib */; };
		3778FEA61434565C007C5635 /* QQWry.Dat in Resources */ = {isa = PBXBuildFile; fileRef = 3778FEA51434565C007C5635 /* QQWry.Dat */; };
		3778FEAB1434566B007C5635 /* IPsearch.c in Sources */ = {isa = PBXBuildFile; fileRef = 3778FEA71434566B007C5635 /* IPsearch.c */; };
		3778FEAC1434566B007C5635 /* IPSearch.m in Sources */ = {isa = PBXBuildFile; fileRef = 3778FEA91434566B007C5635 /* IPSearch.m */; };
/* End PBXBuildFile section */

/* Begin PBXFileReference section */
		3778FE871434563F007C5635 /* IPFind.app */ = {isa = PBXFileReference; explicitFileType = wrapper.application; includeInIndex = 0; path = IPFind.app; sourceTree = BUILT_PRODUCTS_DIR; };
		3778FE8B1434563F007C5635 /* UIKit.framework */ = {isa = PBXFileReference; lastKnownFileType = wrapper.framework; name = UIKit.framework; path = System/Library/Frameworks/UIKit.framework; sourceTree = SDKROOT; };
		3778FE8D1434563F007C5635 /* Foundation.framework */ = {isa = PBXFileReference; lastKnownFileType = wrapper.framework; name = Foundation.framework; path = System/Library/Frameworks/Foundation.framework; sourceTree = SDKROOT; };
		3778FE8F1434563F007C5635 /* CoreGraphics.framework */ = {isa = PBXFileReference; lastKnownFileType = wrapper.framework; name = CoreGraphics.framework; path = System/Library/Frameworks/CoreGraphics.framework; sourceTree = SDKROOT; };
		3778FE931434563F007C5635 /* IPFind-Info.plist */ = {isa = PBXFileReference; lastKnownFileType = text.plist.xml; path = "IPFind-Info.plist"; sourceTree = "<group>"; };
		3778FE951434563F007C5635 /* en */ = {isa = PBXFileReference; lastKnownFileType = text.plist.strings; name = en; path = en.lproj/InfoPlist.strings; sourceTree = "<group>"; };
		3778FE971434563F007C5635 /* main.m */ = {isa = PBXFileReference; lastKnownFileType = sourcecode.c.objc; path = main.m; sourceTree = "<group>"; };
		3778FE991434563F007C5635 /* IPFind-Prefix.pch */ = {isa = PBXFileReference; lastKnownFileType = sourcecode.c.h; path = "IPFind-Prefix.pch"; sourceTree = "<group>"; };
		3778FE9A1434563F007C5635 /* IPFindAppDelegate.h */ = {isa = PBXFileReference; lastKnownFileType = sourcecode.c.h; path = IPFindAppDelegate.h; sourceTree = "<group>"; };
		3778FE9B1434563F007C5635 /* IPFindAppDelegate.m */ = {isa = PBXFileReference; lastKnownFileType = sourcecode.c.objc; path = IPFindAppDelegate.m; sourceTree = "<group>"; };
		3778FE9E1434563F007C5635 /* en */ = {isa = PBXFileReference; lastKnownFileType = file.xib; name = en; path = en.lproj/MainWindow.xib; sourceTree = "<group>"; };
		3778FEA51434565C007C5635 /* QQWry.Dat */ = {isa = PBXFileReference; lastKnownFileType = file; path = QQWry.Dat; sourceTree = "<group>"; };
		3778FEA71434566B007C5635 /* IPsearch.c */ = {isa = PBXFileReference; fileEncoding = 4; lastKnownFileType = sourcecode.c.c; path = IPsearch.c; sourceTree = "<group>"; };
		3778FEA81434566B007C5635 /* IPSearch.h */ = {isa = PBXFileReference; fileEncoding = 4; lastKnownFileType = sourcecode.c.h; path = IPSearch.h; sourceTree = "<group>"; };
		3778FEA91434566B007C5635 /* IPSearch.m */ = {isa = PBXFileReference; fileEncoding = 4; lastKnownFileType = sourcecode.c.objc; path = IPSearch.m; sourceTree = "<group>"; };
		3778FEAA1434566B007C5635 /* IPsearchc.h */ = {isa = PBXFileReference; fileEncoding = 4; lastKnownFileType = sourcecode.c.h; path = IPsearchc.h; sourceTree = "<group>"; };
		69CEFA821671E7FB007CE87A /* README.md */ = {isa = PBXFileReference; lastKnownFileType = text; path = README.md; sourceTree = "<group>"; };
/* End PBXFileReference section */

/* Begin PBXFrameworksBuildPhase section */
		3778FE841434563F007C5635 /* Frameworks */ = {
			isa = PBXFrameworksBuildPhase;
			buildActionMask = 2147483647;
			files = (
				3778FE8C1434563F007C5635 /* UIKit.framework in Frameworks */,
				3778FE8E1434563F007C5635 /* Foundation.framework in Frameworks */,
				3778FE901434563F007C5635 /* CoreGraphics.framework in Frameworks */,
			);
			runOnlyForDeploymentPostprocessing = 0;
		};
/* End PBXFrameworksBuildPhase section */

/* Begin PBXGroup section */
		3778FE7C1434563F007C5635 = {
			isa = PBXGroup;
			children = (
				69CEFA821671E7FB007CE87A /* README.md */,
				3778FE911434563F007C5635 /* IPFind */,
				3778FE8A1434563F007C5635 /* Frameworks */,
				3778FE881434563F007C5635 /* Products */,
			);
			sourceTree = "<group>";
		};
		3778FE881434563F007C5635 /* Products */ = {
			isa = PBXGroup;
			children = (
				3778FE871434563F007C5635 /* IPFind.app */,
			);
			name = Products;
			sourceTree = "<group>";
		};
		3778FE8A1434563F007C5635 /* Frameworks */ = {
			isa = PBXGroup;
			children = (
				3778FE8B1434563F007C5635 /* UIKit.framework */,
				3778FE8D1434563F007C5635 /* Foundation.framework */,
				3778FE8F1434563F007C5635 /* CoreGraphics.framework */,
			);
			name = Frameworks;
			sourceTree = "<group>";
		};
		3778FE911434563F007C5635 /* IPFind */ = {
			isa = PBXGroup;
			children = (
				3778FEA71434566B007C5635 /* IPsearch.c */,
				3778FEA81434566B007C5635 /* IPSearch.h */,
				3778FEA91434566B007C5635 /* IPSearch.m */,
				3778FEAA1434566B007C5635 /* IPsearchc.h */,
				3778FE9A1434563F007C5635 /* IPFindAppDelegate.h */,
				3778FE9B1434563F007C5635 /* IPFindAppDelegate.m */,
				3778FE9D1434563F007C5635 /* MainWindow.xib */,
				3778FE921434563F007C5635 /* Supporting Files */,
			);
			path = IPFind;
			sourceTree = "<group>";
		};
		3778FE921434563F007C5635 /* Supporting Files */ = {
			isa = PBXGroup;
			children = (
				3778FEA51434565C007C5635 /* QQWry.Dat */,
				3778FE931434563F007C5635 /* IPFind-Info.plist */,
				3778FE941434563F007C5635 /* InfoPlist.strings */,
				3778FE971434563F007C5635 /* main.m */,
				3778FE991434563F007C5635 /* IPFind-Prefix.pch */,
			);
			name = "Supporting Files";
			sourceTree = "<group>";
		};
/* End PBXGroup section */

/* Begin PBXNativeTarget section */
		3778FE861434563F007C5635 /* IPFind */ = {
			isa = PBXNativeTarget;
			buildConfigurationList = 3778FEA21434563F007C5635 /* Build configuration list for PBXNativeTarget "IPFind" */;
			buildPhases = (
				3778FE831434563F007C5635 /* Sources */,
				3778FE841434563F007C5635 /* Frameworks */,
				3778FE851434563F007C5635 /* Resources */,
			);
			buildRules = (
			);
			dependencies = (
			);
			name = IPFind;
			productName = IPFind;
			productReference = 3778FE871434563F007C5635 /* IPFind.app */;
			productType = "com.apple.product-type.application";
		};
/* End PBXNativeTarget section */

/* Begin PBXProject section */
		3778FE7E1434563F007C5635 /* Project object */ = {
			isa = PBXProject;
			attributes = {
				ORGANIZATIONNAME = macdevshanghai.com;
			};
			buildConfigurationList = 3778FE811434563F007C5635 /* Build configuration list for PBXProject "IPFind" */;
			compatibilityVersion = "Xcode 3.2";
			developmentRegion = English;
			hasScannedForEncodings = 0;
			knownRegions = (
				en,
			);
			mainGroup = 3778FE7C1434563F007C5635;
			productRefGroup = 3778FE881434563F007C5635 /* Products */;
			projectDirPath = "";
			projectRoot = "";
			targets = (
				3778FE861434563F007C5635 /* IPFind */,
			);
		};
/* End PBXProject section */

/* Begin PBXResourcesBuildPhase section */
		3778FE851434563F007C5635 /* Resources */ = {
			isa = PBXResourcesBuildPhase;
			buildActionMask = 2147483647;
			files = (
				3778FE961434563F007C5635 /* InfoPlist.strings in Resources */,
				3778FE9F1434563F007C5635 /* MainWindow.xib in Resources */,
				3778FEA61434565C007C5635 /* QQWry.Dat in Resources */,
			);
			runOnlyForDeploymentPostprocessing = 0;
		};
/* End PBXResourcesBuildPhase section */

/* Begin PBXSourcesBuildPhase section */
		3778FE831434563F007C5635 /* Sources */ = {
			isa = PBXSourcesBuildPhase;
			buildActionMask = 2147483647;
			files = (
				3778FE981434563F007C5635 /* main.m in Sources */,
				3778FE9C1434563F007C5635 /* IPFindAppDelegate.m in Sources */,
				3778FEAB1434566B007C5635 /* IPsearch.c in Sources */,
				3778FEAC1434566B007C5635 /* IPSearch.m in Sources */,
			);
			runOnlyForDeploymentPostprocessing = 0;
		};
/* End PBXSourcesBuildPhase section */

/* Begin PBXVariantGroup section */
		3778FE941434563F007C5635 /* InfoPlist.strings */ = {
			isa = PBXVariantGroup;
			children = (
				3778FE951434563F007C5635 /* en */,
			);
			name = InfoPlist.strings;
			sourceTree = "<group>";
		};
		3778FE9D1434563F007C5635 /* MainWindow.xib */ = {
			isa = PBXVariantGroup;
			children = (
				3778FE9E1434563F007C5635 /* en */,
			);
			name = MainWindow.xib;
			sourceTree = "<group>";
		};
/* End PBXVariantGroup section */

/* Begin XCBuildConfiguration section */
		3778FEA01434563F007C5635 /* Debug */ = {
			isa = XCBuildConfiguration;
			buildSettings = {
				ALWAYS_SEARCH_USER_PATHS = NO;
				ARCHS = "$(ARCHS_STANDARD_32_BIT)";
				"CODE_SIGN_IDENTITY[sdk=iphoneos*]" = "iPhone Developer";
				COPY_PHASE_STRIP = NO;
				GCC_C_LANGUAGE_STANDARD = gnu99;
				GCC_DYNAMIC_NO_PIC = NO;
				GCC_OPTIMIZATION_LEVEL = 0;
				GCC_PREPROCESSOR_DEFINITIONS = (
					"DEBUG=1",
					"$(inherited)",
				);
				GCC_SYMBOLS_PRIVATE_EXTERN = NO;
				GCC_VERSION = com.apple.compilers.llvmgcc42;
				GCC_WARN_ABOUT_MISSING_PROTOTYPES = YES;
				GCC_WARN_ABOUT_RETURN_TYPE = YES;
				GCC_WARN_UNUSED_VARIABLE = YES;
				IPHONEOS_DEPLOYMENT_TARGET = 4.3;
				SDKROOT = iphoneos;
			};
			name = Debug;
		};
		3778FEA11434563F007C5635 /* Release */ = {
			isa = XCBuildConfiguration;
			buildSettings = {
				ALWAYS_SEARCH_USER_PATHS = NO;
				ARCHS = "$(ARCHS_STANDARD_32_BIT)";
				"CODE_SIGN_IDENTITY[sdk=iphoneos*]" = "iPhone Developer";
				COPY_PHASE_STRIP = YES;
				GCC_C_LANGUAGE_STANDARD = gnu99;
				GCC_VERSION = com.apple.compilers.llvmgcc42;
				GCC_WARN_ABOUT_MISSING_PROTOTYPES = YES;
				GCC_WARN_ABOUT_RETURN_TYPE = YES;
				GCC_WARN_UNUSED_VARIABLE = YES;
				IPHONEOS_DEPLOYMENT_TARGET = 4.3;
				OTHER_CFLAGS = "-DNS_BLOCK_ASSERTIONS=1";
				SDKROOT = iphoneos;
				VALIDATE_PRODUCT = YES;
			};
			name = Release;
		};
		3778FEA31434563F007C5635 /* Debug */ = {
			isa = XCBuildConfiguration;
			buildSettings = {
				GCC_PRECOMPILE_PREFIX_HEADER = YES;
				GCC_PREFIX_HEADER = "IPFind/IPFind-Prefix.pch";
				INFOPLIST_FILE = "IPFind/IPFind-Info.plist";
				PRODUCT_NAME = "$(TARGET_NAME)";
				WRAPPER_EXTENSION = app;
			};
			name = Debug;
		};
		3778FEA41434563F007C5635 /* Release */ = {
			isa = XCBuildConfiguration;
			buildSettings = {
				GCC_PRECOMPILE_PREFIX_HEADER = YES;
				GCC_PREFIX_HEADER = "IPFind/IPFind-Prefix.pch";
				INFOPLIST_FILE = "IPFind/IPFind-Info.plist";
				PRODUCT_NAME = "$(TARGET_NAME)";
				WRAPPER_EXTENSION = app;
			};
			name = Release;
		};
/* End XCBuildConfiguration section */

/* Begin XCConfigurationList section */
		3778FE811434563F007C5635 /* Build configuration list for PBXProject "IPFind" */ = {
			isa = XCConfigurationList;
			buildConfigurations = (
				3778FEA01434563F007C5635 /* Debug */,
				3778FEA11434563F007C5635 /* Release */,
			);
			defaultConfigurationIsVisible = 0;
			defaultConfigurationName = Release;
		};
		3778FEA21434563F007C5635 /* Build configuration list for PBXNativeTarget "IPFind" */ = {
			isa = XCConfigurationList;
			buildConfigurations = (
				3778FEA31434563F007C5635 /* Debug */,
				3778FEA41434563F007C5635 /* Release */,
			);
			defaultConfigurationIsVisible = 0;
			defaultConfigurationName = Release;
		};
/* End XCConfigurationList section */
	};
	rootObject = 3778FE7E1434563F007C5635 /* Project object */;
}
